schema: '2.0'
stages:
  data_ingestion:
    cmd: python src/chickenClassifier/pipeline/stage_01_data_ingestion.py
    deps:
    - path: config/config.yaml
      md5: ee66d388426dffdbaae696664ae640b0
      size: 734
    - path: src/chickenClassifier/pipeline/stage_01_data_ingestion.py
      md5: ef1bfa765e7b88b7d6c7e55deaeb7efb
      size: 959
    outs:
    - path: artifacts/data_ingestion
      md5: f87a3d512849211e548d48d8ffd57328.dir
      size: 293906097
      nfiles: 8067
    - path: downloaded
      md5: 52badf93bf5970ae7b805c252d74f8a3.dir
      size: 219521
      nfiles: 1
  base_model:
    cmd: python src/chickenClassifier/pipeline/stage_02_prepare_base_model.py
    deps:
    - path: config/config.yaml
      md5: ee66d388426dffdbaae696664ae640b0
      size: 734
    - path: src/chickenClassifier/pipeline/stage_02_prepare_base_model.py
      md5: c84f671c0c45bc5d8379bfb919ebdff0
      size: 1066
    params:
      params.yaml:
        CLASSES: 8
        IMAGE_SIZE:
        - 224
        - 224
        - 3
        INCLUDE_TOP: false
        LEARNING_RATE: 0.01
        WEIGHTS: imagenet
    outs:
    - path: artifacts/prepare_base_model
      md5: 70a1cbf49b790fbd80aad07a62c6fcdf.dir
      size: 118656672
      nfiles: 2
  training:
    cmd: python src/chickenClassifier/pipeline/stage_03_training.py
    deps:
    - path: artifacts/data_ingestion
      md5: f87a3d512849211e548d48d8ffd57328.dir
      size: 293906097
      nfiles: 8067
    - path: artifacts/prepare_base_model
      md5: 70a1cbf49b790fbd80aad07a62c6fcdf.dir
      size: 118656672
      nfiles: 2
    - path: config/config.yaml
      md5: ee66d388426dffdbaae696664ae640b0
      size: 734
    - path: src/chickenClassifier/components/callbacks.py
      md5: f699aa08be70896e864b85f16ab3a1d5
      size: 944
    - path: src/chickenClassifier/pipeline/stage_03_training.py
      md5: 075e2c25e36c66d711cd04e0acc5d563
      size: 1230
    params:
      params.yaml:
        AUGMENTATION: true
        BATCH_SIZE: 8
        EPOCHS: 1
        IMAGE_SIZE:
        - 224
        - 224
        - 3
    outs:
    - path: artifacts/training/model.h5
      md5: b9bf561410ee6b76f9eeab8533a13213
      size: 60541744
  evaluation:
    cmd: python src/chickenClassifier/pipeline/stage_04_evaluation.py
    deps:
    - path: artifacts/data_ingestion
      md5: f87a3d512849211e548d48d8ffd57328.dir
      size: 293906097
      nfiles: 8067
    - path: artifacts/training/model.h5
      md5: b9bf561410ee6b76f9eeab8533a13213
      size: 60541744
    - path: config/config.yaml
      md5: ee66d388426dffdbaae696664ae640b0
      size: 734
    - path: src/chickenClassifier/pipeline/stage_04_evaluation.py
      md5: 2855f1440a3d18993f55a0fe4d89ceff
      size: 913
    params:
      params.yaml:
        BATCH_SIZE: 8
        IMAGE_SIZE:
        - 224
        - 224
        - 3
    outs:
    - path: scores.json
      md5: e0defa0c09a3f14162d797afdedb730e
      size: 73
